// !$*UTF8*$!
{
	archiveVersion = 1;
	classes = {
	};
	objectVersion = 50;
	objects = {

/* Begin PBXBuildFile section */
		6446A65D20FDAC0F00FB0775 /* AppDelegate.swift in Sources */ = {isa = PBXBuildFile; fileRef = 6446A65C20FDAC0F00FB0775 /* AppDelegate.swift */; };
		6446A65F20FDAC0F00FB0775 /* ViewController.swift in Sources */ = {isa = PBXBuildFile; fileRef = 6446A65E20FDAC0F00FB0775 /* ViewController.swift */; };
		6446A66220FDAC0F00FB0775 /* Main.storyboard in Resources */ = {isa = PBXBuildFile; fileRef = 6446A66020FDAC0F00FB0775 /* Main.storyboard */; };
		6446A66420FDAC1100FB0775 /* Assets.xcassets in Resources */ = {isa = PBXBuildFile; fileRef = 6446A66320FDAC1100FB0775 /* Assets.xcassets */; };
		6446A66720FDAC1100FB0775 /* LaunchScreen.storyboard in Resources */ = {isa = PBXBuildFile; fileRef = 6446A66520FDAC1100FB0775 /* LaunchScreen.storyboard */; };
		6446A67220FDAC1100FB0775 /* tiptipTests.swift in Sources */ = {isa = PBXBuildFile; fileRef = 6446A67120FDAC1100FB0775 /* tiptipTests.swift */; };
		6446A67D20FDAC1100FB0775 /* tiptipUITests.swift in Sources */ = {isa = PBXBuildFile; fileRef = 6446A67C20FDAC1100FB0775 /* tiptipUITests.swift */; };
/* End PBXBuildFile section */

/* Begin PBXContainerItemProxy section */
		6446A66E20FDAC1100FB0775 /* PBXContainerItemProxy */ = {
			isa = PBXContainerItemProxy;
			containerPortal = 6446A65120FDAC0F00FB0775 /* Project object */;
			proxyType = 1;
			remoteGlobalIDString = 6446A65820FDAC0F00FB0775;
			remoteInfo = tiptip;
		};
		6446A67920FDAC1100FB0775 /* PBXContainerItemProxy */ = {
			isa = PBXContainerItemProxy;
			containerPortal = 6446A65120FDAC0F00FB0775 /* Project object */;
			proxyType = 1;
			remoteGlobalIDString = 6446A65820FDAC0F00FB0775;
			remoteInfo = tiptip;
		};
/* End PBXContainerItemProxy section */

/* Begin PBXFileReference section */
		6446A65920FDAC0F00FB0775 /* tiptip.app */ = {isa = PBXFileReference; explicitFileType = wrapper.application; includeInIndex = 0; path = tiptip.app; sourceTree = BUILT_PRODUCTS_DIR; };
		6446A65C20FDAC0F00FB0775 /* AppDelegate.swift */ = {isa = PBXFileReference; lastKnownFileType = sourcecode.swift; path = AppDelegate.swift; sourceTree = "<group>"; };
		6446A65E20FDAC0F00FB0775 /* ViewController.swift */ = {isa = PBXFileReference; lastKnownFileType = sourcecode.swift; path = ViewController.swift; sourceTree = "<group>"; };
		6446A66120FDAC0F00FB0775 /* Base */ = {isa = PBXFileReference; lastKnownFileType = file.storyboard; name = Base; path = Base.lproj/Main.storyboard; sourceTree = "<group>"; };
		6446A66320FDAC1100FB0775 /* Assets.xcassets */ = {isa = PBXFileReference; lastKnownFileType = folder.assetcatalog; path = Assets.xcassets; sourceTree = "<group>"; };
		6446A66620FDAC1100FB0775 /* Base */ = {isa = PBXFileReference; lastKnownFileType = file.storyboard; name = Base; path = Base.lproj/LaunchScreen.storyboard; sourceTree = "<group>"; };
		6446A66820FDAC1100FB0775 /* Info.plist */ = {isa = PBXFileReference; lastKnownFileType = text.plist.xml; path = Info.plist; sourceTree = "<group>"; };
		6446A66D20FDAC1100FB0775 /* tiptipTests.xctest */ = {isa = PBXFileReference; explicitFileType = wrapper.cfbundle; includeInIndex = 0; path = tiptipTests.xctest; sourceTree = BUILT_PRODUCTS_DIR; };
		6446A67120FDAC1100FB0775 /* tiptipTests.swift */ = {isa = PBXFileReference; lastKnownFileType = sourcecode.swift; path = tiptipTests.swift; sourceTree = "<group>"; };
		6446A67320FDAC1100FB0775 /* Info.plist */ = {isa = PBXFileReference; lastKnownFileType = text.plist.xml; path = Info.plist; sourceTree = "<group>"; };
		6446A67820FDAC1100FB0775 /* tiptipUITests.xctest */ = {isa = PBXFileReference; explicitFileType = wrapper.cfbundle; includeInIndex = 0; path = tiptipUITests.xctest; sourceTree = BUILT_PRODUCTS_DIR; };
		6446A67C20FDAC1100FB0775 /* tiptipUITests.swift */ = {isa = PBXFileReference; lastKnownFileType = sourcecode.swift; path = tiptipUITests.swift; sourceTree = "<group>"; };
		6446A67E20FDAC1100FB0775 /* Info.plist */ = {isa = PBXFileReference; lastKnownFileType = text.plist.xml; path = Info.plist; sourceTree = "<group>"; };
/* End PBXFileReference section */

/* Begin PBXFrameworksBuildPhase section */
		6446A65620FDAC0F00FB0775 /* Frameworks */ = {
			isa = PBXFrameworksBuildPhase;
			buildActionMask = 2147483647;
			files = (
			);
			runOnlyForDeploymentPostprocessing = 0;
		};
		6446A66A20FDAC1100FB0775 /* Frameworks */ = {
			isa = PBXFrameworksBuildPhase;
			buildActionMask = 2147483647;
			files = (
			);
			runOnlyForDeploymentPostprocessing = 0;
		};
		6446A67520FDAC1100FB0775 /* Frameworks */ = {
			isa = PBXFrameworksBuildPhase;
			buildActionMask = 2147483647;
			files = (
			);
			runOnlyForDeploymentPostprocessing = 0;
		};
/* End PBXFrameworksBuildPhase section */

/* Begin PBXGroup section */
		6446A65020FDAC0F00FB0775 = {
			isa = PBXGroup;
			children = (
				6446A65B20FDAC0F00FB0775 /* tiptip */,
				6446A67020FDAC1100FB0775 /* tiptipTests */,
				6446A67B20FDAC1100FB0775 /* tiptipUITests */,
				6446A65A20FDAC0F00FB0775 /* Products */,
			);
			sourceTree = "<group>";
		};
		6446A65A20FDAC0F00FB0775 /* Products */ = {
			isa = PBXGroup;
			children = (
				6446A65920FDAC0F00FB0775 /* tiptip.app */,
				6446A66D20FDAC1100FB0775 /* tiptipTests.xctest */,
				6446A67820FDAC1100FB0775 /* tiptipUITests.xctest */,
			);
			name = Products;
			sourceTree = "<group>";
		};
		6446A65B20FDAC0F00FB0775 /* tiptip */ = {
			isa = PBXGroup;
			children = (
				6446A65C20FDAC0F00FB0775 /* AppDelegate.swift */,
				6446A65E20FDAC0F00FB0775 /* ViewController.swift */,
				6446A66020FDAC0F00FB0775 /* Main.storyboard */,
				6446A66320FDAC1100FB0775 /* Assets.xcassets */,
				6446A66520FDAC1100FB0775 /* LaunchScreen.storyboard */,
				6446A66820FDAC1100FB0775 /* Info.plist */,
			);
			path = tiptip;
			sourceTree = "<group>";
		};
		6446A67020FDAC1100FB0775 /* tiptipTests */ = {
			isa = PBXGroup;
			children = (
				6446A67120FDAC1100FB0775 /* tiptipTests.swift */,
				6446A67320FDAC1100FB0775 /* Info.plist */,
			);
			path = tiptipTests;
			sourceTree = "<group>";
		};
		6446A67B20FDAC1100FB0775 /* tiptipUITests */ = {
			isa = PBXGroup;
			children = (
				6446A67C20FDAC1100FB0775 /* tiptipUITests.swift */,
				6446A67E20FDAC1100FB0775 /* Info.plist */,
			);
			path = tiptipUITests;
			sourceTree = "<group>";
		};
/* End PBXGroup section */

/* Begin PBXNativeTarget section */
		6446A65820FDAC0F00FB0775 /* tiptip */ = {
			isa = PBXNativeTarget;
			buildConfigurationList = 6446A68120FDAC1100FB0775 /* Build configuration list for PBXNativeTarget "tiptip" */;
			buildPhases = (
				6446A65520FDAC0F00FB0775 /* Sources */,
				6446A65620FDAC0F00FB0775 /* Frameworks */,
				6446A65720FDAC0F00FB0775 /* Resources */,
			);
			buildRules = (
			);
			dependencies = (
			);
			name = tiptip;
			productName = tiptip;
			productReference = 6446A65920FDAC0F00FB0775 /* tiptip.app */;
			productType = "com.apple.product-type.application";
		};
		6446A66C20FDAC1100FB0775 /* tiptipTests */ = {
			isa = PBXNativeTarget;
			buildConfigurationList = 6446A68420FDAC1100FB0775 /* Build configuration list for PBXNativeTarget "tiptipTests" */;
			buildPhases = (
				6446A66920FDAC1100FB0775 /* Sources */,
				6446A66A20FDAC1100FB0775 /* Frameworks */,
				6446A66B20FDAC1100FB0775 /* Resources */,
			);
			buildRules = (
			);
			dependencies = (
				6446A66F20FDAC1100FB0775 /* PBXTargetDependency */,
			);
			name = tiptipTests;
			productName = tiptipTests;
			productReference = 6446A66D20FDAC1100FB0775 /* tiptipTests.xctest */;
			productType = "com.apple.product-type.bundle.unit-test";
		};
		6446A67720FDAC1100FB0775 /* tiptipUITests */ = {
			isa = PBXNativeTarget;
			buildConfigurationList = 6446A68720FDAC1100FB0775 /* Build configuration list for PBXNativeTarget "tiptipUITests" */;
			buildPhases = (
				6446A67420FDAC1100FB0775 /* Sources */,
				6446A67520FDAC1100FB0775 /* Frameworks */,
				6446A67620FDAC1100FB0775 /* Resources */,
			);
			buildRules = (
			);
			dependencies = (
				6446A67A20FDAC1100FB0775 /* PBXTargetDependency */,
			);
			name = tiptipUITests;
			productName = tiptipUITests;
			productReference = 6446A67820FDAC1100FB0775 /* tiptipUITests.xctest */;
			productType = "com.apple.product-type.bundle.ui-testing";
		};
/* End PBXNativeTarget section */

/* Begin PBXProject section */
		6446A65120FDAC0F00FB0775 /* Project object */ = {
			isa = PBXProject;
			attributes = {
				LastSwiftUpdateCheck = 0940;
				LastUpgradeCheck = 0940;
				ORGANIZATIONNAME = "Jules Frantz Stephane Loubeau";
				TargetAttributes = {
					6446A65820FDAC0F00FB0775 = {
						CreatedOnToolsVersion = 9.4.1;
					};
					6446A66C20FDAC1100FB0775 = {
						CreatedOnToolsVersion = 9.4.1;
						TestTargetID = 6446A65820FDAC0F00FB0775;
					};
					6446A67720FDAC1100FB0775 = {
						CreatedOnToolsVersion = 9.4.1;
						TestTargetID = 6446A65820FDAC0F00FB0775;
					};
				};
			};
			buildConfigurationList = 6446A65420FDAC0F00FB0775 /* Build configuration list for PBXProject "tiptip" */;
			compatibilityVersion = "Xcode 9.3";
			developmentRegion = en;
			hasScannedForEncodings = 0;
			knownRegions = (
				en,
				Base,
			);
			mainGroup = 6446A65020FDAC0F00FB0775;
			productRefGroup = 6446A65A20FDAC0F00FB0775 /* Products */;
			projectDirPath = "";
			projectRoot = "";
			targets = (
				6446A65820FDAC0F00FB0775 /* tiptip */,
				6446A66C20FDAC1100FB0775 /* tiptipTests */,
				6446A67720FDAC1100FB0775 /* tiptipUITests */,
			);
		};
/* End PBXProject section */

/* Begin PBXResourcesBuildPhase section */
		6446A65720FDAC0F00FB0775 /* Resources */ = {
			isa = PBXResourcesBuildPhase;
			buildActionMask = 2147483647;
			files = (
				6446A66720FDAC1100FB0775 /* LaunchScreen.storyboard in Resources */,
				6446A66420FDAC1100FB0775 /* Assets.xcassets in Resources */,
				6446A66220FDAC0F00FB0775 /* Main.storyboard in Resources */,
			);
			runOnlyForDeploymentPostprocessing = 0;
		};
		6446A66B20FDAC1100FB0775 /* Resources */ = {
			isa = PBXResourcesBuildPhase;
			buildActionMask = 2147483647;
			files = (
			);
			runOnlyForDeploymentPostprocessing = 0;
		};
		6446A67620FDAC1100FB0775 /* Resources */ = {
			isa = PBXResourcesBuildPhase;
			buildActionMask = 2147483647;
			files = (
			);
			runOnlyForDeploymentPostprocessing = 0;
		};
/* End PBXResourcesBuildPhase section */

/* Begin PBXSourcesBuildPhase section */
		6446A65520FDAC0F00FB0775 /* Sources */ = {
			isa = PBXSourcesBuildPhase;
			buildActionMask = 2147483647;
			files = (
				6446A65F20FDAC0F00FB0775 /* ViewController.swift in Sources */,
				6446A65D20FDAC0F00FB0775 /* AppDelegate.swift in Sources */,
			);
			runOnlyForDeploymentPostprocessing = 0;
		};
		6446A66920FDAC1100FB0775 /* Sources */ = {
			isa = PBXSourcesBuildPhase;
			buildActionMask = 2147483647;
			files = (
				6446A67220FDAC1100FB0775 /* tiptipTests.swift in Sources */,
			);
			runOnlyForDeploymentPostprocessing = 0;
		};
		6446A67420FDAC1100FB0775 /* Sources */ = {
			isa = PBXSourcesBuildPhase;
			buildActionMask = 2147483647;
			files = (
				6446A67D20FDAC1100FB0775 /* tiptipUITests.swift in Sources */,
			);
			runOnlyForDeploymentPostprocessing = 0;
		};
/* End PBXSourcesBuildPhase section */

/* Begin PBXTargetDependency section */
		6446A66F20FDAC1100FB0775 /* PBXTargetDependency */ = {
			isa = PBXTargetDependency;
			target = 6446A65820FDAC0F00FB0775 /* tiptip */;
			targetProxy = 6446A66E20FDAC1100FB0775 /* PBXContainerItemProxy */;
		};
		6446A67A20FDAC1100FB0775 /* PBXTargetDependency */ = {
			isa = PBXTargetDependency;
			target = 6446A65820FDAC0F00FB0775 /* tiptip */;
			targetProxy = 6446A67920FDAC1100FB0775 /* PBXContainerItemProxy */;
		};
/* End PBXTargetDependency section */

/* Begin PBXVariantGroup section */
		6446A66020FDAC0F00FB0775 /* Main.storyboard */ = {
			isa = PBXVariantGroup;
			children = (
				6446A66120FDAC0F00FB0775 /* Base */,
			);
			name = Main.storyboard;
			sourceTree = "<group>";
		};
		6446A66520FDAC1100FB0775 /* LaunchScreen.storyboard */ = {
			isa = PBXVariantGroup;
			children = (
				6446A66620FDAC1100FB0775 /* Base */,
			);
			name = LaunchScreen.storyboard;
			sourceTree = "<group>";
		};
/* End PBXVariantGroup section */

/* Begin XCBuildConfiguration section */
		6446A67F20FDAC1100FB0775 /* Debug */ = {
			isa = XCBuildConfiguration;
			buildSettings = {
				ALWAYS_SEARCH_USER_PATHS = NO;
				CLANG_ANALYZER_NONNULL = YES;
				CLANG_ANALYZER_NUMBER_OBJECT_CONVERSION = YES_AGGRESSIVE;
				CLANG_CXX_LANGUAGE_STANDARD = "gnu++14";
				CLANG_CXX_LIBRARY = "libc++";
				CLANG_ENABLE_MODULES = YES;
				CLANG_ENABLE_OBJC_ARC = YES;
				CLANG_ENABLE_OBJC_WEAK = YES;
				CLANG_WARN_BLOCK_CAPTURE_AUTORELEASING = YES;
				CLANG_WARN_BOOL_CONVERSION = YES;
				CLANG_WARN_COMMA = YES;
				CLANG_WARN_CONSTANT_CONVERSION = YES;
				CLANG_WARN_DEPRECATED_OBJC_IMPLEMENTATIONS = YES;
				CLANG_WARN_DIRECT_OBJC_ISA_USAGE = YES_ERROR;
				CLANG_WARN_DOCUMENTATION_COMMENTS = YES;
				CLANG_WARN_EMPTY_BODY = YES;
				CLANG_WARN_ENUM_CONVERSION = YES;
				CLANG_WARN_INFINITE_RECURSION = YES;
				CLANG_WARN_INT_CONVERSION = YES;
				CLANG_WARN_NON_LITERAL_NULL_CONVERSION = YES;
				CLANG_WARN_OBJC_IMPLICIT_RETAIN_SELF = YES;
				CLANG_WARN_OBJC_LITERAL_CONVERSION = YES;
				CLANG_WARN_OBJC_ROOT_CLASS = YES_ERROR;
				CLANG_WARN_RANGE_LOOP_ANALYSIS = YES;
				CLANG_WARN_STRICT_PROTOTYPES = YES;
				CLANG_WARN_SUSPICIOUS_MOVE = YES;
				CLANG_WARN_UNGUARDED_AVAILABILITY = YES_AGGRESSIVE;
				CLANG_WARN_UNREACHABLE_CODE = YES;
				CLANG_WARN__DUPLICATE_METHOD_MATCH = YES;
				CODE_SIGN_IDENTITY = "iPhone Developer";
				COPY_PHASE_STRIP = NO;
				DEBUG_INFORMATION_FORMAT = dwarf;
				ENABLE_STRICT_OBJC_MSGSEND = YES;
				ENABLE_TESTABILITY = YES;
				GCC_C_LANGUAGE_STANDARD = gnu11;
				GCC_DYNAMIC_NO_PIC = NO;
				GCC_NO_COMMON_BLOCKS = YES;
				GCC_OPTIMIZATION_LEVEL = 0;
				GCC_PREPROCESSOR_DEFINITIONS = (
					"DEBUG=1",
					"$(inherited)",
				);
				GCC_WARN_64_TO_32_BIT_CONVERSION = YES;
				GCC_WARN_ABOUT_RETURN_TYPE = YES_ERROR;
				GCC_WARN_UNDECLARED_SELECTOR = YES;
				GCC_WARN_UNINITIALIZED_AUTOS = YES_AGGRESSIVE;
				GCC_WARN_UNUSED_FUNCTION = YES;
				GCC_WARN_UNUSED_VARIABLE = YES;
				IPHONEOS_DEPLOYMENT_TARGET = 11.4;
				MTL_ENABLE_DEBUG_INFO = YES;
				ONLY_ACTIVE_ARCH = YES;
				SDKROOT = iphoneos;
				SWIFT_ACTIVE_COMPILATION_CONDITIONS = DEBUG;
				SWIFT_OPTIMIZATION_LEVEL = "-Onone";
			};
			name = Debug;
		};
		6446A68020FDAC1100FB0775 /* Release */ = {
			isa = XCBuildConfiguration;
			buildSettings = {
				ALWAYS_SEARCH_USER_PATHS = NO;
				CLANG_ANALYZER_NONNULL = YES;
				CLANG_ANALYZER_NUMBER_OBJECT_CONVERSION = YES_AGGRESSIVE;
				CLANG_CXX_LANGUAGE_STANDARD = "gnu++14";
				CLANG_CXX_LIBRARY = "libc++";
				CLANG_ENABLE_MODULES = YES;
				CLANG_ENABLE_OBJC_ARC = YES;
				CLANG_ENABLE_OBJC_WEAK = YES;
				CLANG_WARN_BLOCK_CAPTURE_AUTORELEASING = YES;
				CLANG_WARN_BOOL_CONVERSION = YES;
				CLANG_WARN_COMMA = YES;
				CLANG_WARN_CONSTANT_CONVERSION = YES;
				CLANG_WARN_DEPRECATED_OBJC_IMPLEMENTATIONS = YES;
				CLANG_WARN_DIRECT_OBJC_ISA_USAGE = YES_ERROR;
				CLANG_WARN_DOCUMENTATION_COMMENTS = YES;
				CLANG_WARN_EMPTY_BODY = YES;
				CLANG_WARN_ENUM_CONVERSION = YES;
				CLANG_WARN_INFINITE_RECURSION = YES;
				CLANG_WARN_INT_CONVERSION = YES;
				CLANG_WARN_NON_LITERAL_NULL_CONVERSION = YES;
				CLANG_WARN_OBJC_IMPLICIT_RETAIN_SELF = YES;
				CLANG_WARN_OBJC_LITERAL_CONVERSION = YES;
				CLANG_WARN_OBJC_ROOT_CLASS = YES_ERROR;
				CLANG_WARN_RANGE_LOOP_ANALYSIS = YES;
				CLANG_WARN_STRICT_PROTOTYPES = YES;
				CLANG_WARN_SUSPICIOUS_MOVE = YES;
				CLANG_WARN_UNGUARDED_AVAILABILITY = YES_AGGRESSIVE;
				CLANG_WARN_UNREACHABLE_CODE = YES;
				CLANG_WARN__DUPLICATE_METHOD_MATCH = YES;
				CODE_SIGN_IDENTITY = "iPhone Developer";
				COPY_PHASE_STRIP = NO;
				DEBUG_INFORMATION_FORMAT = "dwarf-with-dsym";
				ENABLE_NS_ASSERTIONS = NO;
				ENABLE_STRICT_OBJC_MSGSEND = YES;
				GCC_C_LANGUAGE_STANDARD = gnu11;
				GCC_NO_COMMON_BLOCKS = YES;
				GCC_WARN_64_TO_32_BIT_CONVERSION = YES;
				GCC_WARN_ABOUT_RETURN_TYPE = YES_ERROR;
				GCC_WARN_UNDECLARED_SELECTOR = YES;
				GCC_WARN_UNINITIALIZED_AUTOS = YES_AGGRESSIVE;
				GCC_WARN_UNUSED_FUNCTION = YES;
				GCC_WARN_UNUSED_VARIABLE = YES;
				IPHONEOS_DEPLOYMENT_TARGET = 11.4;
				MTL_ENABLE_DEBUG_INFO = NO;
				SDKROOT = iphoneos;
				SWIFT_COMPILATION_MODE = wholemodule;
				SWIFT_OPTIMIZATION_LEVEL = "-O";
				VALIDATE_PRODUCT = YES;
			};
			name = Release;
		};
		6446A68220FDAC1100FB0775 /* Debug */ = {
			isa = XCBuildConfiguration;
			buildSettings = {
				ASSETCATALOG_COMPILER_APPICON_NAME = AppIcon;
				CODE_SIGN_STYLE = Automatic;
				INFOPLIST_FILE = tiptip/Info.plist;
				LD_RUNPATH_SEARCH_PATHS = (
					"$(inherited)",
					"@executable_path/Frameworks",
				);
				PRODUCT_BUNDLE_IDENTIFIER = jfsl.tiptip;
				PRODUCT_NAME = "$(TARGET_NAME)";
				SWIFT_VERSION = 4.0;
				TARGETED_DEVICE_FAMILY = "1,2";
			};
			name = Debug;
		};
		6446A68320FDAC1100FB0775 /* Release */ = {
			isa = XCBuildConfiguration;
			buildSettings = {
				ASSETCATALOG_COMPILER_APPICON_NAME = AppIcon;
				CODE_SIGN_STYLE = Automatic;
				INFOPLIST_FILE = tiptip/Info.plist;
				LD_RUNPATH_SEARCH_PATHS = (
					"$(inherited)",
					"@executable_path/Frameworks",
				);
				PRODUCT_BUNDLE_IDENTIFIER = jfsl.tiptip;
				PRODUCT_NAME = "$(TARGET_NAME)";
				SWIFT_VERSION = 4.0;
				TARGETED_DEVICE_FAMILY = "1,2";
			};
			name = Release;
		};
		6446A68520FDAC1100FB0775 /* Debug */ = {
			isa = XCBuildConfiguration;
			buildSettings = {
				ALWAYS_EMBED_SWIFT_STANDARD_LIBRARIES = YES;
				BUNDLE_LOADER = "$(TEST_HOST)";
				CODE_SIGN_STYLE = Automatic;
				INFOPLIST_FILE = tiptipTests/Info.plist;
				LD_RUNPATH_SEARCH_PATHS = (
					"$(inherited)",
					"@executable_path/Frameworks",
					"@loader_path/Frameworks",
				);
				PRODUCT_BUNDLE_IDENTIFIER = jfsl.tiptipTests;
				PRODUCT_NAME = "$(TARGET_NAME)";
				SWIFT_VERSION = 4.0;
				TARGETED_DEVICE_FAMILY = "1,2";
				TEST_HOST = "$(BUILT_PRODUCTS_DIR)/tiptip.app/tiptip";
			};
			name = Debug;
		};
		6446A68620FDAC1100FB0775 /* Release */ = {
			isa = XCBuildConfiguration;
			buildSettings = {
				ALWAYS_EMBED_SWIFT_STANDARD_LIBRARIES = YES;
				BUNDLE_LOADER = "$(TEST_HOST)";
				CODE_SIGN_STYLE = Automatic;
				INFOPLIST_FILE = tiptipTests/Info.plist;
				LD_RUNPATH_SEARCH_PATHS = (
					"$(inherited)",
					"@executable_path/Frameworks",
					"@loader_path/Frameworks",
				);
				PRODUCT_BUNDLE_IDENTIFIER = jfsl.tiptipTests;
				PRODUCT_NAME = "$(TARGET_NAME)";
				SWIFT_VERSION = 4.0;
				TARGETED_DEVICE_FAMILY = "1,2";
				TEST_HOST = "$(BUILT_PRODUCTS_DIR)/tiptip.app/tiptip";
			};
			name = Release;
		};
		6446A68820FDAC1100FB0775 /* Debug */ = {
			isa = XCBuildConfiguration;
			buildSettings = {
				ALWAYS_EMBED_SWIFT_STANDARD_LIBRARIES = YES;
				CODE_SIGN_STYLE = Automatic;
				INFOPLIST_FILE = tiptipUITests/Info.plist;
				LD_RUNPATH_SEARCH_PATHS = (
					"$(inherited)",
					"@executable_path/Frameworks",
					"@loader_path/Frameworks",
				);
				PRODUCT_BUNDLE_IDENTIFIER = jfsl.tiptipUITests;
				PRODUCT_NAME = "$(TARGET_NAME)";
				SWIFT_VERSION = 4.0;
				TARGETED_DEVICE_FAMILY = "1,2";
				TEST_TARGET_NAME = tiptip;
			};
			name = Debug;
		};
		6446A68920FDAC1100FB0775 /* Release */ = {
			isa = XCBuildConfiguration;
			buildSettings = {
				ALWAYS_EMBED_SWIFT_STANDARD_LIBRARIES = YES;
				CODE_SIGN_STYLE = Automatic;
				INFOPLIST_FILE = tiptipUITests/Info.plist;
				LD_RUNPATH_SEARCH_PATHS = (
					"$(inherited)",
					"@executable_path/Frameworks",
					"@loader_path/Frameworks",
				);
				PRODUCT_BUNDLE_IDENTIFIER = jfsl.tiptipUITests;
				PRODUCT_NAME = "$(TARGET_NAME)";
				SWIFT_VERSION = 4.0;
				TARGETED_DEVICE_FAMILY = "1,2";
				TEST_TARGET_NAME = tiptip;
			};
			name = Release;
		};
/* End XCBuildConfiguration section */

/* Begin XCConfigurationList section */
		6446A65420FDAC0F00FB0775 /* Build configuration list for PBXProject "tiptip" */ = {
			isa = XCConfigurationList;
			buildConfigurations = (
				6446A67F20FDAC1100FB0775 /* Debug */,
				6446A68020FDAC1100FB0775 /* Release */,
			);
			defaultConfigurationIsVisible = 0;
			defaultConfigurationName = Release;
		};
		6446A68120FDAC1100FB0775 /* Build configuration list for PBXNativeTarget "tiptip" */ = {
			isa = XCConfigurationList;
			buildConfigurations = (
				6446A68220FDAC1100FB0775 /* Debug */,
				6446A68320FDAC1100FB0775 /* Release */,
			);
			defaultConfigurationIsVisible = 0;
			defaultConfigurationName = Release;
		};
		6446A68420FDAC1100FB0775 /* Build configuration list for PBXNativeTarget "tiptipTests" */ = {
			isa = XCConfigurationList;
			buildConfigurations = (
				6446A68520FDAC1100FB0775 /* Debug */,
				6446A68620FDAC1100FB0775 /* Release */,
			);
			defaultConfigurationIsVisible = 0;
			defaultConfigurationName = Release;
		};
		6446A68720FDAC1100FB0775 /* Build configuration list for PBXNativeTarget "tiptipUITests" */ = {
			isa = XCConfigurationList;
			buildConfigurations = (
				6446A68820FDAC1100FB0775 /* Debug */,
				6446A68920FDAC1100FB0775 /* Release */,
			);
			defaultConfigurationIsVisible = 0;
			defaultConfigurationName = Release;
		};
/* End XCConfigurationList section */
	};
	rootObject = 6446A65120FDAC0F00FB0775 /* Project object */;
}
